
Microsoft Visual Studio Solution File, Format Version 12.00
# Visual Studio Version 17
VisualStudioVersion = 17.3.32929.385
MinimumVisualStudioVersion = 10.0.40219.1
Project("{FAE04EC0-301F-11D3-BF4B-00C04F79EFBC}") = "PracticaWinForms", "PracticaWinForms\PracticaWinForms.csproj", "{3934D7FF-844E-42E7-9791-D0E50E43C73B}"
EndProject
Global
	GlobalSection(SolutionConfigurationPlatforms) = preSolution
		Debug|Any CPU = Debug|Any CPU
		Release|Any CPU = Release|Any CPU
	EndGlobalSection
	GlobalSection(ProjectConfigurationPlatforms) = postSolution
		{3934D7FF-844E-42E7-9791-D0E50E43C73B}.Debug|Any CPU.ActiveCfg = Debug|Any CPU
		{3934D7FF-844E-42E7-9791-D0E50E43C73B}.Debug|Any CPU.Build.0 = Debug|Any CPU
		{3934D7FF-844E-42E7-9791-D0E50E43C73B}.Release|Any CPU.ActiveCfg = Release|Any CPU
		{3934D7FF-844E-42E7-9791-D0E50E43C73B}.Release|Any CPU.Build.0 = Release|Any CPU
	EndGlobalSection
	GlobalSection(SolutionProperties) = preSolution
		HideSolutionNode = FALSE
	EndGlobalSection
	GlobalSection(ExtensibilityGlobals) = postSolution
		SolutionGuid = {6D64E03E-C61A-4ACF-8420-6FC9EFA6B3F6}
	EndGlobalSection
EndGlobal
